// !$*UTF8*$!
{
	archiveVersion = 1;
	classes = {
	};
	objectVersion = 46;
	objects = {

/* Begin PBXBuildFile section */
		3010F39C1BC9B64E001DFFF6 /* PVMediaPlayer.swift in Sources */ = {isa = PBXBuildFile; fileRef = 3010F39B1BC9B64E001DFFF6 /* PVMediaPlayer.swift */; };
		3010F39E1BC9D2F0001DFFF6 /* PVClipperViewController.swift in Sources */ = {isa = PBXBuildFile; fileRef = 3010F39D1BC9D2F0001DFFF6 /* PVClipperViewController.swift */; };
		3045E0971C658D4B006477B3 /* AddToPlaylistTableViewCell.swift in Sources */ = {isa = PBXBuildFile; fileRef = 3045E0961C658D4B006477B3 /* AddToPlaylistTableViewCell.swift */; };
		3047AC531C5462A300F484D5 /* PVClipStreamer.swift in Sources */ = {isa = PBXBuildFile; fileRef = 3047AC521C5462A300F484D5 /* PVClipStreamer.swift */; };
		3048B6891C5F05FF00D1C2C7 /* Playlist.swift in Sources */ = {isa = PBXBuildFile; fileRef = 3048B6881C5F05FF00D1C2C7 /* Playlist.swift */; };
		306CA4CD1C65726D001BE391 /* AddToPlaylistTableViewController.swift in Sources */ = {isa = PBXBuildFile; fileRef = 306CA4CC1C65726D001BE391 /* AddToPlaylistTableViewController.swift */; };
		3072BE2E1C48A2F000CA9C7F /* PVDeleter.swift in Sources */ = {isa = PBXBuildFile; fileRef = 3072BE2D1C48A2F000CA9C7F /* PVDeleter.swift */; };
		3081B6BD1BB7431C00233E08 /* Extensions.swift in Sources */ = {isa = PBXBuildFile; fileRef = 3081B6BC1BB7431C00233E08 /* Extensions.swift */; };
		30AA6BCE1C619CEE0093E45E /* PlaylistTableViewController.swift in Sources */ = {isa = PBXBuildFile; fileRef = 30AA6BCD1C619CEE0093E45E /* PlaylistTableViewController.swift */; };
		30AA6BD61C61A8640093E45E /* PlaylistTableViewCell.swift in Sources */ = {isa = PBXBuildFile; fileRef = 30AA6BD51C61A8640093E45E /* PlaylistTableViewCell.swift */; };
		812A094D1B422A4700E8F070 /* AppDelegate.swift in Sources */ = {isa = PBXBuildFile; fileRef = 818615951B1E84CE006C9731 /* AppDelegate.swift */; };
		812A094F1B42375F00E8F070 /* podverse.xcdatamodeld in Resources */ = {isa = PBXBuildFile; fileRef = 818615971B1E84CE006C9731 /* podverse.xcdatamodeld */; };
		813FC8101B5CA992006248BC /* PVSubscriber.swift in Sources */ = {isa = PBXBuildFile; fileRef = 813FC80F1B5CA992006248BC /* PVSubscriber.swift */; };
		815A2E311B50C099002A21A7 /* FindTableViewController.swift in Sources */ = {isa = PBXBuildFile; fileRef = 815A2E301B50C099002A21A7 /* FindTableViewController.swift */; };
		815A2E331B50D002002A21A7 /* FindSearchTableViewCell.swift in Sources */ = {isa = PBXBuildFile; fileRef = 815A2E321B50D002002A21A7 /* FindSearchTableViewCell.swift */; };
		815A2E371B50D855002A21A7 /* FindSearchTableViewController.swift in Sources */ = {isa = PBXBuildFile; fileRef = 815A2E361B50D855002A21A7 /* FindSearchTableViewController.swift */; };
		815A2E3B1B522467002A21A7 /* SearchResultPodcast.swift in Sources */ = {isa = PBXBuildFile; fileRef = 815A2E3A1B522467002A21A7 /* SearchResultPodcast.swift */; };
		81623C291B35D3A100E906FE /* PVDownloader.swift in Sources */ = {isa = PBXBuildFile; fileRef = 81623C281B35D3A100E906FE /* PVDownloader.swift */; };
		817C54081B4B6976007258F8 /* Constants.swift in Sources */ = {isa = PBXBuildFile; fileRef = 817C54071B4B6976007258F8 /* Constants.swift */; };
		818615991B1E84CF006C9731 /* podverse.xcdatamodeld in Sources */ = {isa = PBXBuildFile; fileRef = 818615971B1E84CE006C9731 /* podverse.xcdatamodeld */; };
		8186159E1B1E84CF006C9731 /* Main.storyboard in Resources */ = {isa = PBXBuildFile; fileRef = 8186159C1B1E84CF006C9731 /* Main.storyboard */; };
		818615A01B1E84CF006C9731 /* Images.xcassets in Resources */ = {isa = PBXBuildFile; fileRef = 8186159F1B1E84CF006C9731 /* Images.xcassets */; };
		818615AF1B1E84CF006C9731 /* podverseTests.swift in Sources */ = {isa = PBXBuildFile; fileRef = 818615AE1B1E84CF006C9731 /* podverseTests.swift */; };
		818615B91B1E85F6006C9731 /* README in Resources */ = {isa = PBXBuildFile; fileRef = 818615B81B1E85F6006C9731 /* README */; };
		818615C01B1E950D006C9731 /* CoreDataHelper.swift in Sources */ = {isa = PBXBuildFile; fileRef = 818615BF1B1E950D006C9731 /* CoreDataHelper.swift */; };
		818615CC1B1EB10E006C9731 /* EpisodesTableViewController.swift in Sources */ = {isa = PBXBuildFile; fileRef = 818615CB1B1EB10E006C9731 /* EpisodesTableViewController.swift */; };
		818615CE1B1EB12C006C9731 /* PodcastsTableViewController.swift in Sources */ = {isa = PBXBuildFile; fileRef = 818615CD1B1EB12C006C9731 /* PodcastsTableViewController.swift */; };
		818615D01B1EB144006C9731 /* ClipsTableViewController.swift in Sources */ = {isa = PBXBuildFile; fileRef = 818615CF1B1EB144006C9731 /* ClipsTableViewController.swift */; };
		818615D21B1EB206006C9731 /* MediaPlayerViewController.swift in Sources */ = {isa = PBXBuildFile; fileRef = 818615D11B1EB206006C9731 /* MediaPlayerViewController.swift */; };
		81A3B5161B3A60F5007D9A96 /* DownloadsTableViewController.swift in Sources */ = {isa = PBXBuildFile; fileRef = 81A3B5151B3A60F5007D9A96 /* DownloadsTableViewController.swift */; };
		81A3B5181B3A614B007D9A96 /* DownloadsTableViewCell.swift in Sources */ = {isa = PBXBuildFile; fileRef = 81A3B5171B3A614B007D9A96 /* DownloadsTableViewCell.swift */; };
		81CCE4E21B52DB8B00DC8346 /* PodcastProfileViewController.swift in Sources */ = {isa = PBXBuildFile; fileRef = 81CCE4E11B52DB8B00DC8346 /* PodcastProfileViewController.swift */; };
		81DD2CC91B549C4D00432E0C /* Clip.swift in Sources */ = {isa = PBXBuildFile; fileRef = 81DD2CC61B549C4D00432E0C /* Clip.swift */; };
		81DD2CCA1B549C4D00432E0C /* Episode.swift in Sources */ = {isa = PBXBuildFile; fileRef = 81DD2CC71B549C4D00432E0C /* Episode.swift */; };
		81DD2CCB1B549C4D00432E0C /* Podcast.swift in Sources */ = {isa = PBXBuildFile; fileRef = 81DD2CC81B549C4D00432E0C /* Podcast.swift */; };
		81DDBE5D1B24AC8100EF3B9C /* PodcastsTableCell.swift in Sources */ = {isa = PBXBuildFile; fileRef = 81DDBE5C1B24AC8100EF3B9C /* PodcastsTableCell.swift */; };
		81DDBE5F1B24BAF300EF3B9C /* EpisodesTableCell.swift in Sources */ = {isa = PBXBuildFile; fileRef = 81DDBE5E1B24BAF300EF3B9C /* EpisodesTableCell.swift */; };
		81DDBE631B253C9200EF3B9C /* ClipsTableCell.swift in Sources */ = {isa = PBXBuildFile; fileRef = 81DDBE621B253C9200EF3B9C /* ClipsTableCell.swift */; };
		81E3578E1B21619F00D67634 /* PVFeedParser.swift in Sources */ = {isa = PBXBuildFile; fileRef = 81E3578D1B21619F00D67634 /* PVFeedParser.swift */; };
		81E357901B21624500D67634 /* PVUtility.swift in Sources */ = {isa = PBXBuildFile; fileRef = 81E3578F1B21624500D67634 /* PVUtility.swift */; };
		81E4FE671B2E11D600A10A77 /* fontawesome-webfont.ttf in Resources */ = {isa = PBXBuildFile; fileRef = 81E4FE661B2E0C6A00A10A77 /* fontawesome-webfont.ttf */; };
		EF170CD41CB2075E00610F1B /* ServerKey.plist in Resources */ = {isa = PBXBuildFile; fileRef = EF170CD31CB2075E00610F1B /* ServerKey.plist */; };
		EF3799D21BD4981E00211419 /* CustomFeedParser.swift in Sources */ = {isa = PBXBuildFile; fileRef = EF3799D11BD4981E00211419 /* CustomFeedParser.swift */; };
		EF397FF41C54561C00C91753 /* Alamofire.framework in Frameworks */ = {isa = PBXBuildFile; fileRef = EF397FE71C54558A00C91753 /* Alamofire.framework */; };
		EF397FF51C54561C00C91753 /* Alamofire.framework in Embed Frameworks */ = {isa = PBXBuildFile; fileRef = EF397FE71C54558A00C91753 /* Alamofire.framework */; settings = {ATTRIBUTES = (CodeSignOnCopy, RemoveHeadersOnCopy, ); }; };
		EF397FFF1C5458A000C91753 /* BaseWebservice.swift in Sources */ = {isa = PBXBuildFile; fileRef = EF397FFE1C5458A000C91753 /* BaseWebservice.swift */; };
		EF3980021C545B9900C91753 /* SaveClipToServer.swift in Sources */ = {isa = PBXBuildFile; fileRef = EF3980011C545B9900C91753 /* SaveClipToServer.swift */; };
		EF51D3C11C83AF2E0004E237 /* GetPlaylistFromServer.swift in Sources */ = {isa = PBXBuildFile; fileRef = EF51D3C01C83AF2E0004E237 /* GetPlaylistFromServer.swift */; };
		EF59CECA1BD07AB6002D9DDF /* FeedChannel.swift in Sources */ = {isa = PBXBuildFile; fileRef = EF59CEC41BD07AB6002D9DDF /* FeedChannel.swift */; };
		EF59CECB1BD07AB6002D9DDF /* FeedEnclosure.swift in Sources */ = {isa = PBXBuildFile; fileRef = EF59CEC51BD07AB6002D9DDF /* FeedEnclosure.swift */; };
		EF59CECC1BD07AB6002D9DDF /* FeedItem.swift in Sources */ = {isa = PBXBuildFile; fileRef = EF59CEC61BD07AB6002D9DDF /* FeedItem.swift */; };
		EF59CECD1BD07AB6002D9DDF /* FeedParser.swift in Sources */ = {isa = PBXBuildFile; fileRef = EF59CEC71BD07AB6002D9DDF /* FeedParser.swift */; };
		EF59CECE1BD07AB6002D9DDF /* NSDate+FeedsDate.swift in Sources */ = {isa = PBXBuildFile; fileRef = EF59CEC81BD07AB6002D9DDF /* NSDate+FeedsDate.swift */; };
		EF59CECF1BD07AB6002D9DDF /* String+RemoveHTMLCharacters.swift in Sources */ = {isa = PBXBuildFile; fileRef = EF59CEC91BD07AB6002D9DDF /* String+RemoveHTMLCharacters.swift */; };
		EF70B0771C574BC800234FF2 /* DownloadingEpisodesList.swift in Sources */ = {isa = PBXBuildFile; fileRef = EF70B0761C574BC800234FF2 /* DownloadingEpisodesList.swift */; };
		EFB3249E1BE59127000936B6 /* PVClipperAddInfoViewController.swift in Sources */ = {isa = PBXBuildFile; fileRef = EFB3249D1BE59127000936B6 /* PVClipperAddInfoViewController.swift */; };
		EFB324A01BE5913A000936B6 /* PVClipperConfirmationViewController.swift in Sources */ = {isa = PBXBuildFile; fileRef = EFB3249F1BE5913A000936B6 /* PVClipperConfirmationViewController.swift */; };
		EFD1D4E71C3106FB00666912 /* Fabric.framework in Frameworks */ = {isa = PBXBuildFile; fileRef = EFD1D4E51C3106FA00666912 /* Fabric.framework */; };
		EFD1D4E81C3106FB00666912 /* Crashlytics.framework in Frameworks */ = {isa = PBXBuildFile; fileRef = EFD1D4E61C3106FB00666912 /* Crashlytics.framework */; };
		EFE322FA1C83BCD9005435DD /* PlaylistManager.swift in Sources */ = {isa = PBXBuildFile; fileRef = EFE322F91C83BCD9005435DD /* PlaylistManager.swift */; };
		EFFD86A11C7AB01E0005014B /* SavePlaylistToServer.swift in Sources */ = {isa = PBXBuildFile; fileRef = EFFD86A01C7AB01E0005014B /* SavePlaylistToServer.swift */; };
/* End PBXBuildFile section */

/* Begin PBXContainerItemProxy section */
		818615A91B1E84CF006C9731 /* PBXContainerItemProxy */ = {
			isa = PBXContainerItemProxy;
			containerPortal = 818615881B1E84CE006C9731 /* Project object */;
			proxyType = 1;
			remoteGlobalIDString = 8186158F1B1E84CE006C9731;
			remoteInfo = podverse;
		};
		EF397FE61C54558A00C91753 /* PBXContainerItemProxy */ = {
			isa = PBXContainerItemProxy;
			containerPortal = EF397FDC1C54558A00C91753 /* Alamofire.xcodeproj */;
			proxyType = 2;
			remoteGlobalIDString = F8111E3319A95C8B0040E7D1;
			remoteInfo = "Alamofire iOS";
		};
		EF397FE81C54558A00C91753 /* PBXContainerItemProxy */ = {
			isa = PBXContainerItemProxy;
			containerPortal = EF397FDC1C54558A00C91753 /* Alamofire.xcodeproj */;
			proxyType = 2;
			remoteGlobalIDString = F8111E3E19A95C8B0040E7D1;
			remoteInfo = "Alamofire iOS Tests";
		};
		EF397FEA1C54558A00C91753 /* PBXContainerItemProxy */ = {
			isa = PBXContainerItemProxy;
			containerPortal = EF397FDC1C54558A00C91753 /* Alamofire.xcodeproj */;
			proxyType = 2;
			remoteGlobalIDString = 4DD67C0B1A5C55C900ED2280;
			remoteInfo = "Alamofire OSX";
		};
		EF397FEC1C54558A00C91753 /* PBXContainerItemProxy */ = {
			isa = PBXContainerItemProxy;
			containerPortal = EF397FDC1C54558A00C91753 /* Alamofire.xcodeproj */;
			proxyType = 2;
			remoteGlobalIDString = F829C6B21A7A94F100A2CD59;
			remoteInfo = "Alamofire OSX Tests";
		};
		EF397FEE1C54558A00C91753 /* PBXContainerItemProxy */ = {
			isa = PBXContainerItemProxy;
			containerPortal = EF397FDC1C54558A00C91753 /* Alamofire.xcodeproj */;
			proxyType = 2;
			remoteGlobalIDString = 4CF626EF1BA7CB3E0011A099;
			remoteInfo = "Alamofire tvOS";
		};
		EF397FF01C54558A00C91753 /* PBXContainerItemProxy */ = {
			isa = PBXContainerItemProxy;
			containerPortal = EF397FDC1C54558A00C91753 /* Alamofire.xcodeproj */;
			proxyType = 2;
			remoteGlobalIDString = 4CF626F81BA7CB3E0011A099;
			remoteInfo = "Alamofire tvOS Tests";
		};
		EF397FF21C54558A00C91753 /* PBXContainerItemProxy */ = {
			isa = PBXContainerItemProxy;
			containerPortal = EF397FDC1C54558A00C91753 /* Alamofire.xcodeproj */;
			proxyType = 2;
			remoteGlobalIDString = E4202FE01B667AA100C997FB;
			remoteInfo = "Alamofire watchOS";
		};
		EF397FF61C54561C00C91753 /* PBXContainerItemProxy */ = {
			isa = PBXContainerItemProxy;
			containerPortal = EF397FDC1C54558A00C91753 /* Alamofire.xcodeproj */;
			proxyType = 1;
			remoteGlobalIDString = F8111E3219A95C8B0040E7D1;
			remoteInfo = "Alamofire iOS";
		};
/* End PBXContainerItemProxy section */

/* Begin PBXCopyFilesBuildPhase section */
		EF397FF81C54561C00C91753 /* Embed Frameworks */ = {
			isa = PBXCopyFilesBuildPhase;
			buildActionMask = 2147483647;
			dstPath = "";
			dstSubfolderSpec = 10;
			files = (
				EF397FF51C54561C00C91753 /* Alamofire.framework in Embed Frameworks */,
			);
			name = "Embed Frameworks";
			runOnlyForDeploymentPostprocessing = 0;
		};
/* End PBXCopyFilesBuildPhase section */

/* Begin PBXFileReference section */
		3010F39B1BC9B64E001DFFF6 /* PVMediaPlayer.swift */ = {isa = PBXFileReference; fileEncoding = 4; lastKnownFileType = sourcecode.swift; path = PVMediaPlayer.swift; sourceTree = "<group>"; };
		3010F39D1BC9D2F0001DFFF6 /* PVClipperViewController.swift */ = {isa = PBXFileReference; fileEncoding = 4; lastKnownFileType = sourcecode.swift; path = PVClipperViewController.swift; sourceTree = "<group>"; };
		3045E0961C658D4B006477B3 /* AddToPlaylistTableViewCell.swift */ = {isa = PBXFileReference; fileEncoding = 4; lastKnownFileType = sourcecode.swift; path = AddToPlaylistTableViewCell.swift; sourceTree = "<group>"; };
		3047AC521C5462A300F484D5 /* PVClipStreamer.swift */ = {isa = PBXFileReference; fileEncoding = 4; lastKnownFileType = sourcecode.swift; path = PVClipStreamer.swift; sourceTree = "<group>"; };
		3048B6881C5F05FF00D1C2C7 /* Playlist.swift */ = {isa = PBXFileReference; fileEncoding = 4; lastKnownFileType = sourcecode.swift; path = Playlist.swift; sourceTree = "<group>"; };
		306CA4CC1C65726D001BE391 /* AddToPlaylistTableViewController.swift */ = {isa = PBXFileReference; fileEncoding = 4; lastKnownFileType = sourcecode.swift; path = AddToPlaylistTableViewController.swift; sourceTree = "<group>"; };
		3072BE2D1C48A2F000CA9C7F /* PVDeleter.swift */ = {isa = PBXFileReference; fileEncoding = 4; lastKnownFileType = sourcecode.swift; path = PVDeleter.swift; sourceTree = "<group>"; };
		3081B6BC1BB7431C00233E08 /* Extensions.swift */ = {isa = PBXFileReference; fileEncoding = 4; lastKnownFileType = sourcecode.swift; path = Extensions.swift; sourceTree = "<group>"; };
		30AA6BCD1C619CEE0093E45E /* PlaylistTableViewController.swift */ = {isa = PBXFileReference; fileEncoding = 4; lastKnownFileType = sourcecode.swift; path = PlaylistTableViewController.swift; sourceTree = "<group>"; };
		30AA6BD51C61A8640093E45E /* PlaylistTableViewCell.swift */ = {isa = PBXFileReference; fileEncoding = 4; lastKnownFileType = sourcecode.swift; path = PlaylistTableViewCell.swift; sourceTree = "<group>"; };
		812A094E1B422AB300E8F070 /* Bridging-Header.h */ = {isa = PBXFileReference; lastKnownFileType = sourcecode.c.h; path = "Bridging-Header.h"; sourceTree = "<group>"; };
		813FC80F1B5CA992006248BC /* PVSubscriber.swift */ = {isa = PBXFileReference; fileEncoding = 4; lastKnownFileType = sourcecode.swift; path = PVSubscriber.swift; sourceTree = "<group>"; };
		815A2E301B50C099002A21A7 /* FindTableViewController.swift */ = {isa = PBXFileReference; fileEncoding = 4; lastKnownFileType = sourcecode.swift; path = FindTableViewController.swift; sourceTree = "<group>"; };
		815A2E321B50D002002A21A7 /* FindSearchTableViewCell.swift */ = {isa = PBXFileReference; fileEncoding = 4; lastKnownFileType = sourcecode.swift; path = FindSearchTableViewCell.swift; sourceTree = "<group>"; };
		815A2E361B50D855002A21A7 /* FindSearchTableViewController.swift */ = {isa = PBXFileReference; fileEncoding = 4; lastKnownFileType = sourcecode.swift; lineEnding = 0; path = FindSearchTableViewController.swift; sourceTree = "<group>"; xcLanguageSpecificationIdentifier = xcode.lang.swift; };
		815A2E3A1B522467002A21A7 /* SearchResultPodcast.swift */ = {isa = PBXFileReference; fileEncoding = 4; lastKnownFileType = sourcecode.swift; path = SearchResultPodcast.swift; sourceTree = "<group>"; };
		81623C281B35D3A100E906FE /* PVDownloader.swift */ = {isa = PBXFileReference; fileEncoding = 4; lastKnownFileType = sourcecode.swift; path = PVDownloader.swift; sourceTree = "<group>"; };
		817C54071B4B6976007258F8 /* Constants.swift */ = {isa = PBXFileReference; fileEncoding = 4; lastKnownFileType = sourcecode.swift; path = Constants.swift; sourceTree = "<group>"; };
		818615901B1E84CE006C9731 /* podverse.app */ = {isa = PBXFileReference; explicitFileType = wrapper.application; includeInIndex = 0; path = podverse.app; sourceTree = BUILT_PRODUCTS_DIR; };
		818615941B1E84CE006C9731 /* Info.plist */ = {isa = PBXFileReference; lastKnownFileType = text.plist.xml; path = Info.plist; sourceTree = "<group>"; };
		818615951B1E84CE006C9731 /* AppDelegate.swift */ = {isa = PBXFileReference; lastKnownFileType = sourcecode.swift; lineEnding = 0; path = AppDelegate.swift; sourceTree = "<group>"; xcLanguageSpecificationIdentifier = xcode.lang.swift; };
		818615981B1E84CE006C9731 /* podverse.xcdatamodel */ = {isa = PBXFileReference; lastKnownFileType = wrapper.xcdatamodel; path = podverse.xcdatamodel; sourceTree = "<group>"; };
		8186159D1B1E84CF006C9731 /* Base */ = {isa = PBXFileReference; lastKnownFileType = file.storyboard; name = Base; path = Base.lproj/Main.storyboard; sourceTree = "<group>"; };
		8186159F1B1E84CF006C9731 /* Images.xcassets */ = {isa = PBXFileReference; lastKnownFileType = folder.assetcatalog; path = Images.xcassets; sourceTree = "<group>"; };
		818615A81B1E84CF006C9731 /* podverseTests.xctest */ = {isa = PBXFileReference; explicitFileType = wrapper.cfbundle; includeInIndex = 0; path = podverseTests.xctest; sourceTree = BUILT_PRODUCTS_DIR; };
		818615AD1B1E84CF006C9731 /* Info.plist */ = {isa = PBXFileReference; lastKnownFileType = text.plist.xml; path = Info.plist; sourceTree = "<group>"; };
		818615AE1B1E84CF006C9731 /* podverseTests.swift */ = {isa = PBXFileReference; lastKnownFileType = sourcecode.swift; path = podverseTests.swift; sourceTree = "<group>"; };
		818615B81B1E85F6006C9731 /* README */ = {isa = PBXFileReference; fileEncoding = 4; lastKnownFileType = text; path = README; sourceTree = "<group>"; };
		818615BF1B1E950D006C9731 /* CoreDataHelper.swift */ = {isa = PBXFileReference; fileEncoding = 4; lastKnownFileType = sourcecode.swift; lineEnding = 0; path = CoreDataHelper.swift; sourceTree = "<group>"; xcLanguageSpecificationIdentifier = xcode.lang.swift; };
		818615CB1B1EB10E006C9731 /* EpisodesTableViewController.swift */ = {isa = PBXFileReference; fileEncoding = 4; lastKnownFileType = sourcecode.swift; path = EpisodesTableViewController.swift; sourceTree = "<group>"; };
		818615CD1B1EB12C006C9731 /* PodcastsTableViewController.swift */ = {isa = PBXFileReference; fileEncoding = 4; lastKnownFileType = sourcecode.swift; lineEnding = 0; name = PodcastsTableViewController.swift; path = ../PodcastsTableViewController.swift; sourceTree = "<group>"; xcLanguageSpecificationIdentifier = xcode.lang.swift; };
		818615CF1B1EB144006C9731 /* ClipsTableViewController.swift */ = {isa = PBXFileReference; fileEncoding = 4; lastKnownFileType = sourcecode.swift; path = ClipsTableViewController.swift; sourceTree = "<group>"; };
		818615D11B1EB206006C9731 /* MediaPlayerViewController.swift */ = {isa = PBXFileReference; fileEncoding = 4; lastKnownFileType = sourcecode.swift; path = MediaPlayerViewController.swift; sourceTree = "<group>"; };
		81A3B5151B3A60F5007D9A96 /* DownloadsTableViewController.swift */ = {isa = PBXFileReference; fileEncoding = 4; lastKnownFileType = sourcecode.swift; path = DownloadsTableViewController.swift; sourceTree = "<group>"; };
		81A3B5171B3A614B007D9A96 /* DownloadsTableViewCell.swift */ = {isa = PBXFileReference; fileEncoding = 4; lastKnownFileType = sourcecode.swift; path = DownloadsTableViewCell.swift; sourceTree = "<group>"; };
		81CCE4E11B52DB8B00DC8346 /* PodcastProfileViewController.swift */ = {isa = PBXFileReference; fileEncoding = 4; lastKnownFileType = sourcecode.swift; path = PodcastProfileViewController.swift; sourceTree = "<group>"; };
		81DD2CC61B549C4D00432E0C /* Clip.swift */ = {isa = PBXFileReference; fileEncoding = 4; lastKnownFileType = sourcecode.swift; path = Clip.swift; sourceTree = "<group>"; };
		81DD2CC71B549C4D00432E0C /* Episode.swift */ = {isa = PBXFileReference; fileEncoding = 4; lastKnownFileType = sourcecode.swift; path = Episode.swift; sourceTree = "<group>"; };
		81DD2CC81B549C4D00432E0C /* Podcast.swift */ = {isa = PBXFileReference; fileEncoding = 4; lastKnownFileType = sourcecode.swift; path = Podcast.swift; sourceTree = "<group>"; };
		81DDBE5C1B24AC8100EF3B9C /* PodcastsTableCell.swift */ = {isa = PBXFileReference; fileEncoding = 4; lastKnownFileType = sourcecode.swift; path = PodcastsTableCell.swift; sourceTree = "<group>"; };
		81DDBE5E1B24BAF300EF3B9C /* EpisodesTableCell.swift */ = {isa = PBXFileReference; fileEncoding = 4; lastKnownFileType = sourcecode.swift; path = EpisodesTableCell.swift; sourceTree = "<group>"; };
		81DDBE621B253C9200EF3B9C /* ClipsTableCell.swift */ = {isa = PBXFileReference; fileEncoding = 4; lastKnownFileType = sourcecode.swift; path = ClipsTableCell.swift; sourceTree = "<group>"; };
		81E3578D1B21619F00D67634 /* PVFeedParser.swift */ = {isa = PBXFileReference; fileEncoding = 4; lastKnownFileType = sourcecode.swift; lineEnding = 0; path = PVFeedParser.swift; sourceTree = "<group>"; xcLanguageSpecificationIdentifier = xcode.lang.swift; };
		81E3578F1B21624500D67634 /* PVUtility.swift */ = {isa = PBXFileReference; fileEncoding = 4; lastKnownFileType = sourcecode.swift; path = PVUtility.swift; sourceTree = "<group>"; };
		81E4FE661B2E0C6A00A10A77 /* fontawesome-webfont.ttf */ = {isa = PBXFileReference; lastKnownFileType = file; path = "fontawesome-webfont.ttf"; sourceTree = "<group>"; };
		EF170CD31CB2075E00610F1B /* ServerKey.plist */ = {isa = PBXFileReference; fileEncoding = 4; lastKnownFileType = text.plist.xml; path = ServerKey.plist; sourceTree = "<group>"; };
		EF3799D11BD4981E00211419 /* CustomFeedParser.swift */ = {isa = PBXFileReference; fileEncoding = 4; lastKnownFileType = sourcecode.swift; path = CustomFeedParser.swift; sourceTree = "<group>"; };
		EF397FDC1C54558A00C91753 /* Alamofire.xcodeproj */ = {isa = PBXFileReference; lastKnownFileType = "wrapper.pb-project"; name = Alamofire.xcodeproj; path = lib/Alamofire/Alamofire.xcodeproj; sourceTree = SOURCE_ROOT; };
		EF397FFE1C5458A000C91753 /* BaseWebservice.swift */ = {isa = PBXFileReference; fileEncoding = 4; lastKnownFileType = sourcecode.swift; path = BaseWebservice.swift; sourceTree = "<group>"; };
		EF3980011C545B9900C91753 /* SaveClipToServer.swift */ = {isa = PBXFileReference; fileEncoding = 4; lastKnownFileType = sourcecode.swift; path = SaveClipToServer.swift; sourceTree = "<group>"; };
		EF51D3C01C83AF2E0004E237 /* GetPlaylistFromServer.swift */ = {isa = PBXFileReference; fileEncoding = 4; lastKnownFileType = sourcecode.swift; path = GetPlaylistFromServer.swift; sourceTree = "<group>"; };
		EF59CEC41BD07AB6002D9DDF /* FeedChannel.swift */ = {isa = PBXFileReference; fileEncoding = 4; lastKnownFileType = sourcecode.swift; path = FeedChannel.swift; sourceTree = "<group>"; };
		EF59CEC51BD07AB6002D9DDF /* FeedEnclosure.swift */ = {isa = PBXFileReference; fileEncoding = 4; lastKnownFileType = sourcecode.swift; path = FeedEnclosure.swift; sourceTree = "<group>"; };
		EF59CEC61BD07AB6002D9DDF /* FeedItem.swift */ = {isa = PBXFileReference; fileEncoding = 4; lastKnownFileType = sourcecode.swift; path = FeedItem.swift; sourceTree = "<group>"; };
		EF59CEC71BD07AB6002D9DDF /* FeedParser.swift */ = {isa = PBXFileReference; fileEncoding = 4; lastKnownFileType = sourcecode.swift; path = FeedParser.swift; sourceTree = "<group>"; };
		EF59CEC81BD07AB6002D9DDF /* NSDate+FeedsDate.swift */ = {isa = PBXFileReference; fileEncoding = 4; lastKnownFileType = sourcecode.swift; path = "NSDate+FeedsDate.swift"; sourceTree = "<group>"; };
		EF59CEC91BD07AB6002D9DDF /* String+RemoveHTMLCharacters.swift */ = {isa = PBXFileReference; fileEncoding = 4; lastKnownFileType = sourcecode.swift; path = "String+RemoveHTMLCharacters.swift"; sourceTree = "<group>"; };
		EF70B0761C574BC800234FF2 /* DownloadingEpisodesList.swift */ = {isa = PBXFileReference; fileEncoding = 4; lastKnownFileType = sourcecode.swift; path = DownloadingEpisodesList.swift; sourceTree = "<group>"; };
		EFB3249D1BE59127000936B6 /* PVClipperAddInfoViewController.swift */ = {isa = PBXFileReference; fileEncoding = 4; lastKnownFileType = sourcecode.swift; lineEnding = 0; path = PVClipperAddInfoViewController.swift; sourceTree = "<group>"; xcLanguageSpecificationIdentifier = xcode.lang.swift; };
		EFB3249F1BE5913A000936B6 /* PVClipperConfirmationViewController.swift */ = {isa = PBXFileReference; fileEncoding = 4; lastKnownFileType = sourcecode.swift; path = PVClipperConfirmationViewController.swift; sourceTree = "<group>"; };
		EFD1D4E51C3106FA00666912 /* Fabric.framework */ = {isa = PBXFileReference; lastKnownFileType = wrapper.framework; path = Fabric.framework; sourceTree = "<group>"; };
		EFD1D4E61C3106FB00666912 /* Crashlytics.framework */ = {isa = PBXFileReference; lastKnownFileType = wrapper.framework; path = Crashlytics.framework; sourceTree = "<group>"; };
		EFE322F91C83BCD9005435DD /* PlaylistManager.swift */ = {isa = PBXFileReference; fileEncoding = 4; lastKnownFileType = sourcecode.swift; path = PlaylistManager.swift; sourceTree = "<group>"; };
		EFFD86A01C7AB01E0005014B /* SavePlaylistToServer.swift */ = {isa = PBXFileReference; fileEncoding = 4; lastKnownFileType = sourcecode.swift; path = SavePlaylistToServer.swift; sourceTree = "<group>"; };
/* End PBXFileReference section */

/* Begin PBXFrameworksBuildPhase section */
		8186158D1B1E84CE006C9731 /* Frameworks */ = {
			isa = PBXFrameworksBuildPhase;
			buildActionMask = 2147483647;
			files = (
				EFD1D4E81C3106FB00666912 /* Crashlytics.framework in Frameworks */,
				EF397FF41C54561C00C91753 /* Alamofire.framework in Frameworks */,
				EFD1D4E71C3106FB00666912 /* Fabric.framework in Frameworks */,
			);
			runOnlyForDeploymentPostprocessing = 0;
		};
		818615A51B1E84CF006C9731 /* Frameworks */ = {
			isa = PBXFrameworksBuildPhase;
			buildActionMask = 2147483647;
			files = (
			);
			runOnlyForDeploymentPostprocessing = 0;
		};
/* End PBXFrameworksBuildPhase section */

/* Begin PBXGroup section */
		7631984921B25193880208CD /* Frameworks */ = {
			isa = PBXGroup;
			children = (
			);
			name = Frameworks;
			sourceTree = "<group>";
		};
		818615871B1E84CE006C9731 = {
			isa = PBXGroup;
			children = (
				818615921B1E84CE006C9731 /* podverse */,
				818615AB1B1E84CF006C9731 /* podverseTests */,
				818615911B1E84CE006C9731 /* Products */,
				7631984921B25193880208CD /* Frameworks */,
			);
			sourceTree = "<group>";
		};
		818615911B1E84CE006C9731 /* Products */ = {
			isa = PBXGroup;
			children = (
				818615901B1E84CE006C9731 /* podverse.app */,
				818615A81B1E84CF006C9731 /* podverseTests.xctest */,
			);
			name = Products;
			sourceTree = "<group>";
		};
		818615921B1E84CE006C9731 /* podverse */ = {
			isa = PBXGroup;
			children = (
				8186159C1B1E84CF006C9731 /* Main.storyboard */,
				818615951B1E84CE006C9731 /* AppDelegate.swift */,
				817C54071B4B6976007258F8 /* Constants.swift */,
				3081B6BC1BB7431C00233E08 /* Extensions.swift */,
				818615BF1B1E950D006C9731 /* CoreDataHelper.swift */,
				EFB324A11BE59142000936B6 /* PVClipper VCs */,
				3047AC521C5462A300F484D5 /* PVClipStreamer.swift */,
				3072BE2D1C48A2F000CA9C7F /* PVDeleter.swift */,
				81623C281B35D3A100E906FE /* PVDownloader.swift */,
				81E3578D1B21619F00D67634 /* PVFeedParser.swift */,
				3010F39B1BC9B64E001DFFF6 /* PVMediaPlayer.swift */,
				813FC80F1B5CA992006248BC /* PVSubscriber.swift */,
				81E3578F1B21624500D67634 /* PVUtility.swift */,
				EF70B0761C574BC800234FF2 /* DownloadingEpisodesList.swift */,
				818615CD1B1EB12C006C9731 /* PodcastsTableViewController.swift */,
				81DDBE5C1B24AC8100EF3B9C /* PodcastsTableCell.swift */,
				818615CB1B1EB10E006C9731 /* EpisodesTableViewController.swift */,
				81DDBE5E1B24BAF300EF3B9C /* EpisodesTableCell.swift */,
				818615CF1B1EB144006C9731 /* ClipsTableViewController.swift */,
				81DDBE621B253C9200EF3B9C /* ClipsTableCell.swift */,
				30AA6BCD1C619CEE0093E45E /* PlaylistTableViewController.swift */,
				30AA6BD51C61A8640093E45E /* PlaylistTableViewCell.swift */,
				306CA4CC1C65726D001BE391 /* AddToPlaylistTableViewController.swift */,
				3045E0961C658D4B006477B3 /* AddToPlaylistTableViewCell.swift */,
				818615D11B1EB206006C9731 /* MediaPlayerViewController.swift */,
				81A3B5151B3A60F5007D9A96 /* DownloadsTableViewController.swift */,
				81A3B5171B3A614B007D9A96 /* DownloadsTableViewCell.swift */,
				815A2E301B50C099002A21A7 /* FindTableViewController.swift */,
				815A2E361B50D855002A21A7 /* FindSearchTableViewController.swift */,
				815A2E321B50D002002A21A7 /* FindSearchTableViewCell.swift */,
				EF3980001C545B7C00C91753 /* WebServices */,
				81CCE4E11B52DB8B00DC8346 /* PodcastProfileViewController.swift */,
				8186159F1B1E84CF006C9731 /* Images.xcassets */,
				818615931B1E84CE006C9731 /* Supporting Files */,
				818615CA1B1EA355006C9731 /* Datamodel */,
				812A094E1B422AB300E8F070 /* Bridging-Header.h */,
				818615971B1E84CE006C9731 /* podverse.xcdatamodeld */,
			);
			path = podverse;
			sourceTree = "<group>";
		};
		818615931B1E84CE006C9731 /* Supporting Files */ = {
			isa = PBXGroup;
			children = (
				EFD1D4E51C3106FA00666912 /* Fabric.framework */,
				EFD1D4E61C3106FB00666912 /* Crashlytics.framework */,
				EF3799D01BD497FB00211419 /* Subclasses */,
				EF59CED01BD07AE5002D9DDF /* SwiftFeedParse */,
				81E4FE661B2E0C6A00A10A77 /* fontawesome-webfont.ttf */,
				818615B81B1E85F6006C9731 /* README */,
				818615941B1E84CE006C9731 /* Info.plist */,
				EF397FDC1C54558A00C91753 /* Alamofire.xcodeproj */,
				EF397FFE1C5458A000C91753 /* BaseWebservice.swift */,
				EF170CD31CB2075E00610F1B /* ServerKey.plist */,
			);
			name = "Supporting Files";
			sourceTree = "<group>";
		};
		818615AB1B1E84CF006C9731 /* podverseTests */ = {
			isa = PBXGroup;
			children = (
				818615AE1B1E84CF006C9731 /* podverseTests.swift */,
				818615AC1B1E84CF006C9731 /* Supporting Files */,
			);
			path = podverseTests;
			sourceTree = "<group>";
		};
		818615AC1B1E84CF006C9731 /* Supporting Files */ = {
			isa = PBXGroup;
			children = (
				818615AD1B1E84CF006C9731 /* Info.plist */,
			);
			name = "Supporting Files";
			sourceTree = "<group>";
		};
		818615CA1B1EA355006C9731 /* Datamodel */ = {
			isa = PBXGroup;
			children = (
				81DD2CC81B549C4D00432E0C /* Podcast.swift */,
				81DD2CC71B549C4D00432E0C /* Episode.swift */,
				81DD2CC61B549C4D00432E0C /* Clip.swift */,
				3048B6881C5F05FF00D1C2C7 /* Playlist.swift */,
				EFE322F91C83BCD9005435DD /* PlaylistManager.swift */,
				815A2E3A1B522467002A21A7 /* SearchResultPodcast.swift */,
			);
			name = Datamodel;
			sourceTree = "<group>";
		};
		EF3799D01BD497FB00211419 /* Subclasses */ = {
			isa = PBXGroup;
			children = (
				EF3799D11BD4981E00211419 /* CustomFeedParser.swift */,
			);
			name = Subclasses;
			sourceTree = "<group>";
		};
		EF397FDD1C54558A00C91753 /* Products */ = {
			isa = PBXGroup;
			children = (
				EF397FE71C54558A00C91753 /* Alamofire.framework */,
				EF397FE91C54558A00C91753 /* Alamofire iOS Tests.xctest */,
				EF397FEB1C54558A00C91753 /* Alamofire.framework */,
				EF397FED1C54558A00C91753 /* Alamofire OSX Tests.xctest */,
				EF397FEF1C54558A00C91753 /* Alamofire.framework */,
				EF397FF11C54558A00C91753 /* Alamofire tvOS Tests.xctest */,
				EF397FF31C54558A00C91753 /* Alamofire.framework */,
			);
			name = Products;
			sourceTree = "<group>";
		};
		EF3980001C545B7C00C91753 /* WebServices */ = {
			isa = PBXGroup;
			children = (
				EF3980011C545B9900C91753 /* SaveClipToServer.swift */,
				EFFD86A01C7AB01E0005014B /* SavePlaylistToServer.swift */,
				EF51D3C01C83AF2E0004E237 /* GetPlaylistFromServer.swift */,
			);
			name = WebServices;
			sourceTree = "<group>";
		};
		EF59CED01BD07AE5002D9DDF /* SwiftFeedParse */ = {
			isa = PBXGroup;
			children = (
				EF59CEC41BD07AB6002D9DDF /* FeedChannel.swift */,
				EF59CEC51BD07AB6002D9DDF /* FeedEnclosure.swift */,
				EF59CEC61BD07AB6002D9DDF /* FeedItem.swift */,
				EF59CEC71BD07AB6002D9DDF /* FeedParser.swift */,
				EF59CEC81BD07AB6002D9DDF /* NSDate+FeedsDate.swift */,
				EF59CEC91BD07AB6002D9DDF /* String+RemoveHTMLCharacters.swift */,
			);
			name = SwiftFeedParse;
			sourceTree = "<group>";
		};
		EFB324A11BE59142000936B6 /* PVClipper VCs */ = {
			isa = PBXGroup;
			children = (
				3010F39D1BC9D2F0001DFFF6 /* PVClipperViewController.swift */,
				EFB3249D1BE59127000936B6 /* PVClipperAddInfoViewController.swift */,
				EFB3249F1BE5913A000936B6 /* PVClipperConfirmationViewController.swift */,
			);
			name = "PVClipper VCs";
			sourceTree = "<group>";
		};
/* End PBXGroup section */

/* Begin PBXNativeTarget section */
		8186158F1B1E84CE006C9731 /* podverse */ = {
			isa = PBXNativeTarget;
			buildConfigurationList = 818615B21B1E84CF006C9731 /* Build configuration list for PBXNativeTarget "podverse" */;
			buildPhases = (
				8186158C1B1E84CE006C9731 /* Sources */,
				8186158D1B1E84CE006C9731 /* Frameworks */,
				8186158E1B1E84CE006C9731 /* Resources */,
				EFD1D4E41C3106DC00666912 /* ShellScript */,
				EF397FF81C54561C00C91753 /* Embed Frameworks */,
			);
			buildRules = (
			);
			dependencies = (
				EF397FF71C54561C00C91753 /* PBXTargetDependency */,
			);
			name = podverse;
			productName = podverse;
			productReference = 818615901B1E84CE006C9731 /* podverse.app */;
			productType = "com.apple.product-type.application";
		};
		818615A71B1E84CF006C9731 /* podverseTests */ = {
			isa = PBXNativeTarget;
			buildConfigurationList = 818615B51B1E84CF006C9731 /* Build configuration list for PBXNativeTarget "podverseTests" */;
			buildPhases = (
				818615A41B1E84CF006C9731 /* Sources */,
				818615A51B1E84CF006C9731 /* Frameworks */,
				818615A61B1E84CF006C9731 /* Resources */,
			);
			buildRules = (
			);
			dependencies = (
				818615AA1B1E84CF006C9731 /* PBXTargetDependency */,
			);
			name = podverseTests;
			productName = podverseTests;
			productReference = 818615A81B1E84CF006C9731 /* podverseTests.xctest */;
			productType = "com.apple.product-type.bundle.unit-test";
		};
/* End PBXNativeTarget section */

/* Begin PBXProject section */
		818615881B1E84CE006C9731 /* Project object */ = {
			isa = PBXProject;
			attributes = {
				LastSwiftUpdateCheck = 0700;
				LastUpgradeCheck = 0700;
				ORGANIZATIONNAME = "Mitchell Downey";
				TargetAttributes = {
					8186158F1B1E84CE006C9731 = {
						CreatedOnToolsVersion = 6.3.2;
						SystemCapabilities = {
							com.apple.BackgroundModes = {
								enabled = 1;
							};
						};
					};
					818615A71B1E84CF006C9731 = {
						CreatedOnToolsVersion = 6.3.2;
						TestTargetID = 8186158F1B1E84CE006C9731;
					};
				};
			};
			buildConfigurationList = 8186158B1B1E84CE006C9731 /* Build configuration list for PBXProject "podverse" */;
			compatibilityVersion = "Xcode 3.2";
			developmentRegion = English;
			hasScannedForEncodings = 0;
			knownRegions = (
				en,
				Base,
			);
			mainGroup = 818615871B1E84CE006C9731;
			productRefGroup = 818615911B1E84CE006C9731 /* Products */;
			projectDirPath = "";
			projectReferences = (
				{
					ProductGroup = EF397FDD1C54558A00C91753 /* Products */;
					ProjectRef = EF397FDC1C54558A00C91753 /* Alamofire.xcodeproj */;
				},
			);
			projectRoot = "";
			targets = (
				8186158F1B1E84CE006C9731 /* podverse */,
				818615A71B1E84CF006C9731 /* podverseTests */,
			);
		};
/* End PBXProject section */

/* Begin PBXReferenceProxy section */
		EF397FE71C54558A00C91753 /* Alamofire.framework */ = {
			isa = PBXReferenceProxy;
			fileType = wrapper.framework;
			path = Alamofire.framework;
			remoteRef = EF397FE61C54558A00C91753 /* PBXContainerItemProxy */;
			sourceTree = BUILT_PRODUCTS_DIR;
		};
		EF397FE91C54558A00C91753 /* Alamofire iOS Tests.xctest */ = {
			isa = PBXReferenceProxy;
			fileType = wrapper.cfbundle;
			path = "Alamofire iOS Tests.xctest";
			remoteRef = EF397FE81C54558A00C91753 /* PBXContainerItemProxy */;
			sourceTree = BUILT_PRODUCTS_DIR;
		};
		EF397FEB1C54558A00C91753 /* Alamofire.framework */ = {
			isa = PBXReferenceProxy;
			fileType = wrapper.framework;
			path = Alamofire.framework;
			remoteRef = EF397FEA1C54558A00C91753 /* PBXContainerItemProxy */;
			sourceTree = BUILT_PRODUCTS_DIR;
		};
		EF397FED1C54558A00C91753 /* Alamofire OSX Tests.xctest */ = {
			isa = PBXReferenceProxy;
			fileType = wrapper.cfbundle;
			path = "Alamofire OSX Tests.xctest";
			remoteRef = EF397FEC1C54558A00C91753 /* PBXContainerItemProxy */;
			sourceTree = BUILT_PRODUCTS_DIR;
		};
		EF397FEF1C54558A00C91753 /* Alamofire.framework */ = {
			isa = PBXReferenceProxy;
			fileType = wrapper.framework;
			path = Alamofire.framework;
			remoteRef = EF397FEE1C54558A00C91753 /* PBXContainerItemProxy */;
			sourceTree = BUILT_PRODUCTS_DIR;
		};
		EF397FF11C54558A00C91753 /* Alamofire tvOS Tests.xctest */ = {
			isa = PBXReferenceProxy;
			fileType = wrapper.cfbundle;
			path = "Alamofire tvOS Tests.xctest";
			remoteRef = EF397FF01C54558A00C91753 /* PBXContainerItemProxy */;
			sourceTree = BUILT_PRODUCTS_DIR;
		};
		EF397FF31C54558A00C91753 /* Alamofire.framework */ = {
			isa = PBXReferenceProxy;
			fileType = wrapper.framework;
			path = Alamofire.framework;
			remoteRef = EF397FF21C54558A00C91753 /* PBXContainerItemProxy */;
			sourceTree = BUILT_PRODUCTS_DIR;
		};
/* End PBXReferenceProxy section */

/* Begin PBXResourcesBuildPhase section */
		8186158E1B1E84CE006C9731 /* Resources */ = {
			isa = PBXResourcesBuildPhase;
			buildActionMask = 2147483647;
			files = (
				812A094F1B42375F00E8F070 /* podverse.xcdatamodeld in Resources */,
				818615B91B1E85F6006C9731 /* README in Resources */,
				8186159E1B1E84CF006C9731 /* Main.storyboard in Resources */,
				EF170CD41CB2075E00610F1B /* ServerKey.plist in Resources */,
				81E4FE671B2E11D600A10A77 /* fontawesome-webfont.ttf in Resources */,
				818615A01B1E84CF006C9731 /* Images.xcassets in Resources */,
			);
			runOnlyForDeploymentPostprocessing = 0;
		};
		818615A61B1E84CF006C9731 /* Resources */ = {
			isa = PBXResourcesBuildPhase;
			buildActionMask = 2147483647;
			files = (
			);
			runOnlyForDeploymentPostprocessing = 0;
		};
/* End PBXResourcesBuildPhase section */

/* Begin PBXShellScriptBuildPhase section */
		EFD1D4E41C3106DC00666912 /* ShellScript */ = {
			isa = PBXShellScriptBuildPhase;
			buildActionMask = 2147483647;
			files = (
			);
			inputPaths = (
			);
			outputPaths = (
			);
			runOnlyForDeploymentPostprocessing = 0;
			shellPath = /bin/sh;
			shellScript = "./Fabric.framework/run 1e8acf44eea863611b305f70346f0bb5fcc6071f 5ff0c38dc6e5034ade8a97910cdabf1d0756485017f7709814be73edcf0061a0";
		};
/* End PBXShellScriptBuildPhase section */

/* Begin PBXSourcesBuildPhase section */
		8186158C1B1E84CE006C9731 /* Sources */ = {
			isa = PBXSourcesBuildPhase;
			buildActionMask = 2147483647;
			files = (
				815A2E311B50C099002A21A7 /* FindTableViewController.swift in Sources */,
				EF3799D21BD4981E00211419 /* CustomFeedParser.swift in Sources */,
				818615D21B1EB206006C9731 /* MediaPlayerViewController.swift in Sources */,
				815A2E371B50D855002A21A7 /* FindSearchTableViewController.swift in Sources */,
				818615D01B1EB144006C9731 /* ClipsTableViewController.swift in Sources */,
				81DDBE631B253C9200EF3B9C /* ClipsTableCell.swift in Sources */,
				EF59CECF1BD07AB6002D9DDF /* String+RemoveHTMLCharacters.swift in Sources */,
				3047AC531C5462A300F484D5 /* PVClipStreamer.swift in Sources */,
				81DD2CCB1B549C4D00432E0C /* Podcast.swift in Sources */,
				81CCE4E21B52DB8B00DC8346 /* PodcastProfileViewController.swift in Sources */,
				81DDBE5F1B24BAF300EF3B9C /* EpisodesTableCell.swift in Sources */,
				EF3980021C545B9900C91753 /* SaveClipToServer.swift in Sources */,
				817C54081B4B6976007258F8 /* Constants.swift in Sources */,
				81A3B5161B3A60F5007D9A96 /* DownloadsTableViewController.swift in Sources */,
				812A094D1B422A4700E8F070 /* AppDelegate.swift in Sources */,
				EF397FFF1C5458A000C91753 /* BaseWebservice.swift in Sources */,
				EF59CECC1BD07AB6002D9DDF /* FeedItem.swift in Sources */,
				81A3B5181B3A614B007D9A96 /* DownloadsTableViewCell.swift in Sources */,
				3048B6891C5F05FF00D1C2C7 /* Playlist.swift in Sources */,
				3072BE2E1C48A2F000CA9C7F /* PVDeleter.swift in Sources */,
				EF59CECA1BD07AB6002D9DDF /* FeedChannel.swift in Sources */,
				818615CE1B1EB12C006C9731 /* PodcastsTableViewController.swift in Sources */,
				EFFD86A11C7AB01E0005014B /* SavePlaylistToServer.swift in Sources */,
				EF59CECB1BD07AB6002D9DDF /* FeedEnclosure.swift in Sources */,
				3045E0971C658D4B006477B3 /* AddToPlaylistTableViewCell.swift in Sources */,
				81DD2CC91B549C4D00432E0C /* Clip.swift in Sources */,
				30AA6BD61C61A8640093E45E /* PlaylistTableViewCell.swift in Sources */,
				815A2E3B1B522467002A21A7 /* SearchResultPodcast.swift in Sources */,
				818615CC1B1EB10E006C9731 /* EpisodesTableViewController.swift in Sources */,
				815A2E331B50D002002A21A7 /* FindSearchTableViewCell.swift in Sources */,
				EF59CECD1BD07AB6002D9DDF /* FeedParser.swift in Sources */,
				81E357901B21624500D67634 /* PVUtility.swift in Sources */,
				EFE322FA1C83BCD9005435DD /* PlaylistManager.swift in Sources */,
				EFB3249E1BE59127000936B6 /* PVClipperAddInfoViewController.swift in Sources */,
				81623C291B35D3A100E906FE /* PVDownloader.swift in Sources */,
				81DDBE5D1B24AC8100EF3B9C /* PodcastsTableCell.swift in Sources */,
				3010F39E1BC9D2F0001DFFF6 /* PVClipperViewController.swift in Sources */,
				818615C01B1E950D006C9731 /* CoreDataHelper.swift in Sources */,
				813FC8101B5CA992006248BC /* PVSubscriber.swift in Sources */,
				818615991B1E84CF006C9731 /* podverse.xcdatamodeld in Sources */,
				81DD2CCA1B549C4D00432E0C /* Episode.swift in Sources */,
				3010F39C1BC9B64E001DFFF6 /* PVMediaPlayer.swift in Sources */,
				81E3578E1B21619F00D67634 /* PVFeedParser.swift in Sources */,
				30AA6BCE1C619CEE0093E45E /* PlaylistTableViewController.swift in Sources */,
				EFB324A01BE5913A000936B6 /* PVClipperConfirmationViewController.swift in Sources */,
				EF51D3C11C83AF2E0004E237 /* GetPlaylistFromServer.swift in Sources */,
				EF59CECE1BD07AB6002D9DDF /* NSDate+FeedsDate.swift in Sources */,
				3081B6BD1BB7431C00233E08 /* Extensions.swift in Sources */,
				306CA4CD1C65726D001BE391 /* AddToPlaylistTableViewController.swift in Sources */,
				EF70B0771C574BC800234FF2 /* DownloadingEpisodesList.swift in Sources */,
			);
			runOnlyForDeploymentPostprocessing = 0;
		};
		818615A41B1E84CF006C9731 /* Sources */ = {
			isa = PBXSourcesBuildPhase;
			buildActionMask = 2147483647;
			files = (
				818615AF1B1E84CF006C9731 /* podverseTests.swift in Sources */,
			);
			runOnlyForDeploymentPostprocessing = 0;
		};
/* End PBXSourcesBuildPhase section */

/* Begin PBXTargetDependency section */
		818615AA1B1E84CF006C9731 /* PBXTargetDependency */ = {
			isa = PBXTargetDependency;
			target = 8186158F1B1E84CE006C9731 /* podverse */;
			targetProxy = 818615A91B1E84CF006C9731 /* PBXContainerItemProxy */;
		};
		EF397FF71C54561C00C91753 /* PBXTargetDependency */ = {
			isa = PBXTargetDependency;
			name = "Alamofire iOS";
			targetProxy = EF397FF61C54561C00C91753 /* PBXContainerItemProxy */;
		};
/* End PBXTargetDependency section */

/* Begin PBXVariantGroup section */
		8186159C1B1E84CF006C9731 /* Main.storyboard */ = {
			isa = PBXVariantGroup;
			children = (
				8186159D1B1E84CF006C9731 /* Base */,
			);
			name = Main.storyboard;
			sourceTree = "<group>";
		};
/* End PBXVariantGroup section */

/* Begin XCBuildConfiguration section */
		818615B01B1E84CF006C9731 /* Debug */ = {
			isa = XCBuildConfiguration;
			buildSettings = {
				ALWAYS_SEARCH_USER_PATHS = NO;
				CLANG_CXX_LANGUAGE_STANDARD = "gnu++0x";
				CLANG_CXX_LIBRARY = "libc++";
				CLANG_ENABLE_MODULES = YES;
				CLANG_ENABLE_OBJC_ARC = YES;
				CLANG_WARN_BOOL_CONVERSION = YES;
				CLANG_WARN_CONSTANT_CONVERSION = YES;
				CLANG_WARN_DIRECT_OBJC_ISA_USAGE = YES_ERROR;
				CLANG_WARN_EMPTY_BODY = YES;
				CLANG_WARN_ENUM_CONVERSION = YES;
				CLANG_WARN_INT_CONVERSION = YES;
				CLANG_WARN_OBJC_ROOT_CLASS = YES_ERROR;
				CLANG_WARN_UNREACHABLE_CODE = YES;
				CLANG_WARN__DUPLICATE_METHOD_MATCH = YES;
				CODE_SIGN_IDENTITY = "iPhone Developer";
				"CODE_SIGN_IDENTITY[sdk=iphoneos*]" = "iPhone Developer";
				COPY_PHASE_STRIP = NO;
				DEBUG_INFORMATION_FORMAT = "dwarf-with-dsym";
				ENABLE_STRICT_OBJC_MSGSEND = YES;
				ENABLE_TESTABILITY = YES;
				GCC_C_LANGUAGE_STANDARD = gnu99;
				GCC_DYNAMIC_NO_PIC = NO;
				GCC_NO_COMMON_BLOCKS = YES;
				GCC_OPTIMIZATION_LEVEL = 0;
				GCC_PREPROCESSOR_DEFINITIONS = (
					"DEBUG=1",
					"$(inherited)",
				);
				GCC_SYMBOLS_PRIVATE_EXTERN = NO;
				GCC_WARN_64_TO_32_BIT_CONVERSION = YES;
				GCC_WARN_ABOUT_RETURN_TYPE = YES_ERROR;
				GCC_WARN_UNDECLARED_SELECTOR = YES;
				GCC_WARN_UNINITIALIZED_AUTOS = YES_AGGRESSIVE;
				GCC_WARN_UNUSED_FUNCTION = YES;
				GCC_WARN_UNUSED_VARIABLE = YES;
				IPHONEOS_DEPLOYMENT_TARGET = 9.0;
				MTL_ENABLE_DEBUG_INFO = YES;
				ONLY_ACTIVE_ARCH = YES;
				SDKROOT = iphoneos;
				SWIFT_OBJC_BRIDGING_HEADER = "podverse/Bridging-Header.h";
				SWIFT_OPTIMIZATION_LEVEL = "-Onone";
				USER_HEADER_SEARCH_PATHS = "Pods/**";
			};
			name = Debug;
		};
		818615B11B1E84CF006C9731 /* Release */ = {
			isa = XCBuildConfiguration;
			buildSettings = {
				ALWAYS_SEARCH_USER_PATHS = NO;
				CLANG_CXX_LANGUAGE_STANDARD = "gnu++0x";
				CLANG_CXX_LIBRARY = "libc++";
				CLANG_ENABLE_MODULES = YES;
				CLANG_ENABLE_OBJC_ARC = YES;
				CLANG_WARN_BOOL_CONVERSION = YES;
				CLANG_WARN_CONSTANT_CONVERSION = YES;
				CLANG_WARN_DIRECT_OBJC_ISA_USAGE = YES_ERROR;
				CLANG_WARN_EMPTY_BODY = YES;
				CLANG_WARN_ENUM_CONVERSION = YES;
				CLANG_WARN_INT_CONVERSION = YES;
				CLANG_WARN_OBJC_ROOT_CLASS = YES_ERROR;
				CLANG_WARN_UNREACHABLE_CODE = YES;
				CLANG_WARN__DUPLICATE_METHOD_MATCH = YES;
				CODE_SIGN_IDENTITY = "iPhone Developer";
				"CODE_SIGN_IDENTITY[sdk=iphoneos*]" = "iPhone Developer";
				COPY_PHASE_STRIP = NO;
				DEBUG_INFORMATION_FORMAT = "dwarf-with-dsym";
				ENABLE_NS_ASSERTIONS = NO;
				ENABLE_STRICT_OBJC_MSGSEND = YES;
				GCC_C_LANGUAGE_STANDARD = gnu99;
				GCC_NO_COMMON_BLOCKS = YES;
				GCC_WARN_64_TO_32_BIT_CONVERSION = YES;
				GCC_WARN_ABOUT_RETURN_TYPE = YES_ERROR;
				GCC_WARN_UNDECLARED_SELECTOR = YES;
				GCC_WARN_UNINITIALIZED_AUTOS = YES_AGGRESSIVE;
				GCC_WARN_UNUSED_FUNCTION = YES;
				GCC_WARN_UNUSED_VARIABLE = YES;
				IPHONEOS_DEPLOYMENT_TARGET = 9.0;
				MTL_ENABLE_DEBUG_INFO = NO;
				SDKROOT = iphoneos;
				SWIFT_OBJC_BRIDGING_HEADER = "podverse/Bridging-Header.h";
				USER_HEADER_SEARCH_PATHS = "Pods/**";
				VALIDATE_PRODUCT = YES;
			};
			name = Release;
		};
		818615B31B1E84CF006C9731 /* Debug */ = {
			isa = XCBuildConfiguration;
			buildSettings = {
				ASSETCATALOG_COMPILER_APPICON_NAME = AppIcon;
				ASSETCATALOG_COMPILER_LAUNCHIMAGE_NAME = LaunchImage;
				CODE_SIGN_IDENTITY = "iPhone Developer";
				"CODE_SIGN_IDENTITY[sdk=iphoneos*]" = "iPhone Developer";
				EMBEDDED_CONTENT_CONTAINS_SWIFT = YES;
				FRAMEWORK_SEARCH_PATHS = (
					"$(inherited)",
					"$(PROJECT_DIR)/podverse",
				);
				INFOPLIST_FILE = podverse/Info.plist;
				LD_RUNPATH_SEARCH_PATHS = "$(inherited) @executable_path/Frameworks";
				PRODUCT_BUNDLE_IDENTIFIER = fm.podverse.podverse;
				PRODUCT_NAME = "$(TARGET_NAME)";
				PROVISIONING_PROFILE = "";
			};
			name = Debug;
		};
		818615B41B1E84CF006C9731 /* Release */ = {
			isa = XCBuildConfiguration;
			buildSettings = {
				ASSETCATALOG_COMPILER_APPICON_NAME = AppIcon;
				ASSETCATALOG_COMPILER_LAUNCHIMAGE_NAME = LaunchImage;
				CODE_SIGN_IDENTITY = "iPhone Developer";
				"CODE_SIGN_IDENTITY[sdk=iphoneos*]" = "iPhone Developer";
				EMBEDDED_CONTENT_CONTAINS_SWIFT = YES;
				FRAMEWORK_SEARCH_PATHS = (
					"$(inherited)",
					"$(PROJECT_DIR)/podverse",
				);
				INFOPLIST_FILE = podverse/Info.plist;
				LD_RUNPATH_SEARCH_PATHS = "$(inherited) @executable_path/Frameworks";
				PRODUCT_BUNDLE_IDENTIFIER = fm.podverse.podverse;
				PRODUCT_NAME = "$(TARGET_NAME)";
				PROVISIONING_PROFILE = "";
			};
			name = Release;
		};
		818615B61B1E84CF006C9731 /* Debug */ = {
			isa = XCBuildConfiguration;
			buildSettings = {
				BUNDLE_LOADER = "$(TEST_HOST)";
				FRAMEWORK_SEARCH_PATHS = (
					"$(SDKROOT)/Developer/Library/Frameworks",
					"$(inherited)",
				);
				GCC_PREPROCESSOR_DEFINITIONS = (
					"DEBUG=1",
					"$(inherited)",
				);
				INFOPLIST_FILE = podverseTests/Info.plist;
				LD_RUNPATH_SEARCH_PATHS = "$(inherited) @executable_path/Frameworks @loader_path/Frameworks";
				PRODUCT_BUNDLE_IDENTIFIER = "fm.podverse.$(PRODUCT_NAME:rfc1034identifier)";
				PRODUCT_NAME = "$(TARGET_NAME)";
				TEST_HOST = "$(BUILT_PRODUCTS_DIR)/podverse.app/podverse";
			};
			name = Debug;
		};
		818615B71B1E84CF006C9731 /* Release */ = {
			isa = XCBuildConfiguration;
			buildSettings = {
				BUNDLE_LOADER = "$(TEST_HOST)";
				FRAMEWORK_SEARCH_PATHS = (
					"$(SDKROOT)/Developer/Library/Frameworks",
					"$(inherited)",
				);
				INFOPLIST_FILE = podverseTests/Info.plist;
				LD_RUNPATH_SEARCH_PATHS = "$(inherited) @executable_path/Frameworks @loader_path/Frameworks";
				PRODUCT_BUNDLE_IDENTIFIER = "fm.podverse.$(PRODUCT_NAME:rfc1034identifier)";
				PRODUCT_NAME = "$(TARGET_NAME)";
				TEST_HOST = "$(BUILT_PRODUCTS_DIR)/podverse.app/podverse";
			};
			name = Release;
		};
/* End XCBuildConfiguration section */

/* Begin XCConfigurationList section */
		8186158B1B1E84CE006C9731 /* Build configuration list for PBXProject "podverse" */ = {
			isa = XCConfigurationList;
			buildConfigurations = (
				818615B01B1E84CF006C9731 /* Debug */,
				818615B11B1E84CF006C9731 /* Release */,
			);
			defaultConfigurationIsVisible = 0;
			defaultConfigurationName = Release;
		};
		818615B21B1E84CF006C9731 /* Build configuration list for PBXNativeTarget "podverse" */ = {
			isa = XCConfigurationList;
			buildConfigurations = (
				818615B31B1E84CF006C9731 /* Debug */,
				818615B41B1E84CF006C9731 /* Release */,
			);
			defaultConfigurationIsVisible = 0;
			defaultConfigurationName = Release;
		};
		818615B51B1E84CF006C9731 /* Build configuration list for PBXNativeTarget "podverseTests" */ = {
			isa = XCConfigurationList;
			buildConfigurations = (
				818615B61B1E84CF006C9731 /* Debug */,
				818615B71B1E84CF006C9731 /* Release */,
			);
			defaultConfigurationIsVisible = 0;
			defaultConfigurationName = Release;
		};
/* End XCConfigurationList section */

/* Begin XCVersionGroup section */
		818615971B1E84CE006C9731 /* podverse.xcdatamodeld */ = {
			isa = XCVersionGroup;
			children = (
				818615981B1E84CE006C9731 /* podverse.xcdatamodel */,
			);
			currentVersion = 818615981B1E84CE006C9731 /* podverse.xcdatamodel */;
			path = podverse.xcdatamodeld;
			sourceTree = "<group>";
			versionGroupType = wrapper.xcdatamodel;
		};
/* End XCVersionGroup section */
	};
	rootObject = 818615881B1E84CE006C9731 /* Project object */;
}
