PODS:
  - MWFeedParser (1.0.1):
    - MWFeedParser/FeedParser (= 1.0.1)
    - MWFeedParser/NSDate+InternetDateTime (= 1.0.1)
    - MWFeedParser/NSString+HTML (= 1.0.1)
  - MWFeedParser/FeedParser (1.0.1):
    - MWFeedParser/NSDate+InternetDateTime
    - MWFeedParser/NSString+HTML
  - MWFeedParser/NSDate+InternetDateTime (1.0.1)
  - MWFeedParser/NSString+HTML (1.0.1)
  - ReachabilitySwift (1.1)

DEPENDENCIES:
  - MWFeedParser
  - ReachabilitySwift (from `https://github.com/ashleymills/Reachability.swift`)

EXTERNAL SOURCES:
  ReachabilitySwift:
    :git: https://github.com/ashleymills/Reachability.swift

CHECKOUT OPTIONS:
  ReachabilitySwift:
    :commit: 7e0180c2761db33bc88eef310ef6d7a79c7ea40e
    :git: https://github.com/ashleymills/Reachability.swift

SPEC CHECKSUMS:
  MWFeedParser: 2cf646014c1baf6ad1b08c480b40a08180079247
  ReachabilitySwift: 1e53abddb01111deac0d229dabdb8bb043567b18

COCOAPODS: 0.38.2
